
Microsoft Visual Studio Solution File, Format Version 12.00
# Visual Studio Version 17
VisualStudioVersion = 17.5.33627.172
MinimumVisualStudioVersion = 10.0.40219.1
Project("{FAE04EC0-301F-11D3-BF4B-00C04F79EFBC}") = "testWinform", "testWinform\testWinform.csproj", "{4AB44E2D-78E8-4411-AAF0-382421FD88D6}"
EndProject
Global
	GlobalSection(SolutionConfigurationPlatforms) = preSolution
		Debug|Any CPU = Debug|Any CPU
		Release|Any CPU = Release|Any CPU
	EndGlobalSection
	GlobalSection(ProjectConfigurationPlatforms) = postSolution
		{4AB44E2D-78E8-4411-AAF0-382421FD88D6}.Debug|Any CPU.ActiveCfg = Debug|Any CPU
		{4AB44E2D-78E8-4411-AAF0-382421FD88D6}.Debug|Any CPU.Build.0 = Debug|Any CPU
		{4AB44E2D-78E8-4411-AAF0-382421FD88D6}.Release|Any CPU.ActiveCfg = Release|Any CPU
		{4AB44E2D-78E8-4411-AAF0-382421FD88D6}.Release|Any CPU.Build.0 = Release|Any CPU
	EndGlobalSection
	GlobalSection(SolutionProperties) = preSolution
		HideSolutionNode = FALSE
	EndGlobalSection
	GlobalSection(ExtensibilityGlobals) = postSolution
		SolutionGuid = {F9E6E052-F623-452A-BE8A-E43C97FF6C92}
	EndGlobalSection
EndGlobal
